// !$*UTF8*$!
{
	archiveVersion = 1;
	classes = {
	};
	objectVersion = 46;
	objects = {

/* Begin PBXBuildFile section */
		085B7F749D579511761CC22F /* Pods_SelfigramTests.framework in Frameworks */ = {isa = PBXBuildFile; fileRef = E75A5A6EEFBB39A1A44B87A1 /* Pods_SelfigramTests.framework */; };
		2511E5BC49DA91B324B46ECA /* Pods_Selfigram.framework in Frameworks */ = {isa = PBXBuildFile; fileRef = F29CCC67B7602E82DD46AD43 /* Pods_Selfigram.framework */; };
		C6FB00993A6EB4421AFE7FD8 /* Pods_SelfigramUITests.framework in Frameworks */ = {isa = PBXBuildFile; fileRef = BED8987D2E7F5B84F3663BD1 /* Pods_SelfigramUITests.framework */; };
		C814ECB91EDCEE7C00464737 /* FeedViewController.swift in Sources */ = {isa = PBXBuildFile; fileRef = C814ECB81EDCEE7C00464737 /* FeedViewController.swift */; };
		C81C21B51EF114F7006A9B36 /* Activity.swift in Sources */ = {isa = PBXBuildFile; fileRef = C81C21B41EF114F7006A9B36 /* Activity.swift */; };
		C81C21B61EF22F74006A9B36 /* SelfieCell.swift in Sources */ = {isa = PBXBuildFile; fileRef = C814ECBA1EDEA8AA00464737 /* SelfieCell.swift */; };
		C81C21B81EF8A1DA006A9B36 /* ActivityViewController.swift in Sources */ = {isa = PBXBuildFile; fileRef = C81C21B71EF8A1DA006A9B36 /* ActivityViewController.swift */; };
		C81C21BA1EF8A20A006A9B36 /* ActivityCell.swift in Sources */ = {isa = PBXBuildFile; fileRef = C81C21B91EF8A20A006A9B36 /* ActivityCell.swift */; };
		C81DD57E1ED3D250002FF2DB /* ProfileViewController.swift in Sources */ = {isa = PBXBuildFile; fileRef = C81DD57D1ED3D250002FF2DB /* ProfileViewController.swift */; };
		C8334C2B1ED3E6E600802D20 /* User.swift in Sources */ = {isa = PBXBuildFile; fileRef = C8334C2A1ED3E6E600802D20 /* User.swift */; };
		C8334C2D1ED3E87E00802D20 /* Post.swift in Sources */ = {isa = PBXBuildFile; fileRef = C8334C2C1ED3E87E00802D20 /* Post.swift */; };
		C8D4D9961ECAD08600139FBE /* AppDelegate.swift in Sources */ = {isa = PBXBuildFile; fileRef = C8D4D9951ECAD08600139FBE /* AppDelegate.swift */; };
		C8D4D9981ECAD08600139FBE /* ViewController.swift in Sources */ = {isa = PBXBuildFile; fileRef = C8D4D9971ECAD08600139FBE /* ViewController.swift */; };
		C8D4D99B1ECAD08700139FBE /* Main.storyboard in Resources */ = {isa = PBXBuildFile; fileRef = C8D4D9991ECAD08700139FBE /* Main.storyboard */; };
		C8D4D99D1ECAD08700139FBE /* Assets.xcassets in Resources */ = {isa = PBXBuildFile; fileRef = C8D4D99C1ECAD08700139FBE /* Assets.xcassets */; };
		C8D4D9A01ECAD08700139FBE /* LaunchScreen.storyboard in Resources */ = {isa = PBXBuildFile; fileRef = C8D4D99E1ECAD08700139FBE /* LaunchScreen.storyboard */; };
		C8D4D9AB1ECAD08700139FBE /* SelfigramTests.swift in Sources */ = {isa = PBXBuildFile; fileRef = C8D4D9AA1ECAD08700139FBE /* SelfigramTests.swift */; };
		C8D4D9B61ECAD08700139FBE /* SelfigramUITests.swift in Sources */ = {isa = PBXBuildFile; fileRef = C8D4D9B51ECAD08700139FBE /* SelfigramUITests.swift */; };
/* End PBXBuildFile section */

/* Begin PBXContainerItemProxy section */
		C8D4D9A71ECAD08700139FBE /* PBXContainerItemProxy */ = {
			isa = PBXContainerItemProxy;
			containerPortal = C8D4D98A1ECAD08600139FBE /* Project object */;
			proxyType = 1;
			remoteGlobalIDString = C8D4D9911ECAD08600139FBE;
			remoteInfo = Selfigram;
		};
		C8D4D9B21ECAD08700139FBE /* PBXContainerItemProxy */ = {
			isa = PBXContainerItemProxy;
			containerPortal = C8D4D98A1ECAD08600139FBE /* Project object */;
			proxyType = 1;
			remoteGlobalIDString = C8D4D9911ECAD08600139FBE;
			remoteInfo = Selfigram;
		};
/* End PBXContainerItemProxy section */

/* Begin PBXFileReference section */
		26A9CE8F213AB1CFDB8D650D /* Pods-SelfigramTests.debug.xcconfig */ = {isa = PBXFileReference; includeInIndex = 1; lastKnownFileType = text.xcconfig; name = "Pods-SelfigramTests.debug.xcconfig"; path = "Pods/Target Support Files/Pods-SelfigramTests/Pods-SelfigramTests.debug.xcconfig"; sourceTree = "<group>"; };
		2F6F16338872F6D840765F86 /* Pods-SelfigramUITests.release.xcconfig */ = {isa = PBXFileReference; includeInIndex = 1; lastKnownFileType = text.xcconfig; name = "Pods-SelfigramUITests.release.xcconfig"; path = "Pods/Target Support Files/Pods-SelfigramUITests/Pods-SelfigramUITests.release.xcconfig"; sourceTree = "<group>"; };
		3F71058E61649F16D3F982AF /* Pods-Selfigram.debug.xcconfig */ = {isa = PBXFileReference; includeInIndex = 1; lastKnownFileType = text.xcconfig; name = "Pods-Selfigram.debug.xcconfig"; path = "Pods/Target Support Files/Pods-Selfigram/Pods-Selfigram.debug.xcconfig"; sourceTree = "<group>"; };
		7E344DA08B123863B71DE1E6 /* Pods-SelfigramTests.release.xcconfig */ = {isa = PBXFileReference; includeInIndex = 1; lastKnownFileType = text.xcconfig; name = "Pods-SelfigramTests.release.xcconfig"; path = "Pods/Target Support Files/Pods-SelfigramTests/Pods-SelfigramTests.release.xcconfig"; sourceTree = "<group>"; };
		B3A273C6B91DB1FDD8D3D10C /* Pods-SelfigramUITests.debug.xcconfig */ = {isa = PBXFileReference; includeInIndex = 1; lastKnownFileType = text.xcconfig; name = "Pods-SelfigramUITests.debug.xcconfig"; path = "Pods/Target Support Files/Pods-SelfigramUITests/Pods-SelfigramUITests.debug.xcconfig"; sourceTree = "<group>"; };
		BED8987D2E7F5B84F3663BD1 /* Pods_SelfigramUITests.framework */ = {isa = PBXFileReference; explicitFileType = wrapper.framework; includeInIndex = 0; path = Pods_SelfigramUITests.framework; sourceTree = BUILT_PRODUCTS_DIR; };
		C814ECB81EDCEE7C00464737 /* FeedViewController.swift */ = {isa = PBXFileReference; fileEncoding = 4; lastKnownFileType = sourcecode.swift; path = FeedViewController.swift; sourceTree = "<group>"; };
		C814ECBA1EDEA8AA00464737 /* SelfieCell.swift */ = {isa = PBXFileReference; fileEncoding = 4; lastKnownFileType = sourcecode.swift; path = SelfieCell.swift; sourceTree = "<group>"; };
		C81C21B41EF114F7006A9B36 /* Activity.swift */ = {isa = PBXFileReference; fileEncoding = 4; lastKnownFileType = sourcecode.swift; path = Activity.swift; sourceTree = "<group>"; };
		C81C21B71EF8A1DA006A9B36 /* ActivityViewController.swift */ = {isa = PBXFileReference; fileEncoding = 4; lastKnownFileType = sourcecode.swift; path = ActivityViewController.swift; sourceTree = "<group>"; };
		C81C21B91EF8A20A006A9B36 /* ActivityCell.swift */ = {isa = PBXFileReference; fileEncoding = 4; lastKnownFileType = sourcecode.swift; path = ActivityCell.swift; sourceTree = "<group>"; };
		C81DD57D1ED3D250002FF2DB /* ProfileViewController.swift */ = {isa = PBXFileReference; fileEncoding = 4; lastKnownFileType = sourcecode.swift; path = ProfileViewController.swift; sourceTree = "<group>"; };
		C8334C2A1ED3E6E600802D20 /* User.swift */ = {isa = PBXFileReference; fileEncoding = 4; lastKnownFileType = sourcecode.swift; path = User.swift; sourceTree = "<group>"; };
		C8334C2C1ED3E87E00802D20 /* Post.swift */ = {isa = PBXFileReference; fileEncoding = 4; lastKnownFileType = sourcecode.swift; path = Post.swift; sourceTree = "<group>"; };
		C8D4D9921ECAD08600139FBE /* Selfigram.app */ = {isa = PBXFileReference; explicitFileType = wrapper.application; includeInIndex = 0; path = Selfigram.app; sourceTree = BUILT_PRODUCTS_DIR; };
		C8D4D9951ECAD08600139FBE /* AppDelegate.swift */ = {isa = PBXFileReference; lastKnownFileType = sourcecode.swift; path = AppDelegate.swift; sourceTree = "<group>"; };
		C8D4D9971ECAD08600139FBE /* ViewController.swift */ = {isa = PBXFileReference; lastKnownFileType = sourcecode.swift; path = ViewController.swift; sourceTree = "<group>"; };
		C8D4D99A1ECAD08700139FBE /* Base */ = {isa = PBXFileReference; lastKnownFileType = file.storyboard; name = Base; path = Base.lproj/Main.storyboard; sourceTree = "<group>"; };
		C8D4D99C1ECAD08700139FBE /* Assets.xcassets */ = {isa = PBXFileReference; lastKnownFileType = folder.assetcatalog; path = Assets.xcassets; sourceTree = "<group>"; };
		C8D4D99F1ECAD08700139FBE /* Base */ = {isa = PBXFileReference; lastKnownFileType = file.storyboard; name = Base; path = Base.lproj/LaunchScreen.storyboard; sourceTree = "<group>"; };
		C8D4D9A11ECAD08700139FBE /* Info.plist */ = {isa = PBXFileReference; lastKnownFileType = text.plist.xml; path = Info.plist; sourceTree = "<group>"; };
		C8D4D9A61ECAD08700139FBE /* SelfigramTests.xctest */ = {isa = PBXFileReference; explicitFileType = wrapper.cfbundle; includeInIndex = 0; path = SelfigramTests.xctest; sourceTree = BUILT_PRODUCTS_DIR; };
		C8D4D9AA1ECAD08700139FBE /* SelfigramTests.swift */ = {isa = PBXFileReference; lastKnownFileType = sourcecode.swift; path = SelfigramTests.swift; sourceTree = "<group>"; };
		C8D4D9AC1ECAD08700139FBE /* Info.plist */ = {isa = PBXFileReference; lastKnownFileType = text.plist.xml; path = Info.plist; sourceTree = "<group>"; };
		C8D4D9B11ECAD08700139FBE /* SelfigramUITests.xctest */ = {isa = PBXFileReference; explicitFileType = wrapper.cfbundle; includeInIndex = 0; path = SelfigramUITests.xctest; sourceTree = BUILT_PRODUCTS_DIR; };
		C8D4D9B51ECAD08700139FBE /* SelfigramUITests.swift */ = {isa = PBXFileReference; lastKnownFileType = sourcecode.swift; path = SelfigramUITests.swift; sourceTree = "<group>"; };
		C8D4D9B71ECAD08700139FBE /* Info.plist */ = {isa = PBXFileReference; lastKnownFileType = text.plist.xml; path = Info.plist; sourceTree = "<group>"; };
		E75A5A6EEFBB39A1A44B87A1 /* Pods_SelfigramTests.framework */ = {isa = PBXFileReference; explicitFileType = wrapper.framework; includeInIndex = 0; path = Pods_SelfigramTests.framework; sourceTree = BUILT_PRODUCTS_DIR; };
		EA3674FE67CFEB9F4AD3E871 /* Pods-Selfigram.release.xcconfig */ = {isa = PBXFileReference; includeInIndex = 1; lastKnownFileType = text.xcconfig; name = "Pods-Selfigram.release.xcconfig"; path = "Pods/Target Support Files/Pods-Selfigram/Pods-Selfigram.release.xcconfig"; sourceTree = "<group>"; };
		F29CCC67B7602E82DD46AD43 /* Pods_Selfigram.framework */ = {isa = PBXFileReference; explicitFileType = wrapper.framework; includeInIndex = 0; path = Pods_Selfigram.framework; sourceTree = BUILT_PRODUCTS_DIR; };
/* End PBXFileReference section */

/* Begin PBXFrameworksBuildPhase section */
		C8D4D98F1ECAD08600139FBE /* Frameworks */ = {
			isa = PBXFrameworksBuildPhase;
			buildActionMask = 2147483647;
			files = (
				2511E5BC49DA91B324B46ECA /* Pods_Selfigram.framework in Frameworks */,
			);
			runOnlyForDeploymentPostprocessing = 0;
		};
		C8D4D9A31ECAD08700139FBE /* Frameworks */ = {
			isa = PBXFrameworksBuildPhase;
			buildActionMask = 2147483647;
			files = (
				085B7F749D579511761CC22F /* Pods_SelfigramTests.framework in Frameworks */,
			);
			runOnlyForDeploymentPostprocessing = 0;
		};
		C8D4D9AE1ECAD08700139FBE /* Frameworks */ = {
			isa = PBXFrameworksBuildPhase;
			buildActionMask = 2147483647;
			files = (
				C6FB00993A6EB4421AFE7FD8 /* Pods_SelfigramUITests.framework in Frameworks */,
			);
			runOnlyForDeploymentPostprocessing = 0;
		};
/* End PBXFrameworksBuildPhase section */

/* Begin PBXGroup section */
		48887635869F9105C5CD50E0 /* Frameworks */ = {
			isa = PBXGroup;
			children = (
				F29CCC67B7602E82DD46AD43 /* Pods_Selfigram.framework */,
				E75A5A6EEFBB39A1A44B87A1 /* Pods_SelfigramTests.framework */,
				BED8987D2E7F5B84F3663BD1 /* Pods_SelfigramUITests.framework */,
			);
			name = Frameworks;
			sourceTree = "<group>";
		};
		BB204E3A82B7704D2BC8FCE8 /* Pods */ = {
			isa = PBXGroup;
			children = (
				3F71058E61649F16D3F982AF /* Pods-Selfigram.debug.xcconfig */,
				EA3674FE67CFEB9F4AD3E871 /* Pods-Selfigram.release.xcconfig */,
				26A9CE8F213AB1CFDB8D650D /* Pods-SelfigramTests.debug.xcconfig */,
				7E344DA08B123863B71DE1E6 /* Pods-SelfigramTests.release.xcconfig */,
				B3A273C6B91DB1FDD8D3D10C /* Pods-SelfigramUITests.debug.xcconfig */,
				2F6F16338872F6D840765F86 /* Pods-SelfigramUITests.release.xcconfig */,
			);
			name = Pods;
			sourceTree = "<group>";
		};
		C8D4D9891ECAD08600139FBE = {
			isa = PBXGroup;
			children = (
				C8D4D9941ECAD08600139FBE /* Selfigram */,
				C8D4D9A91ECAD08700139FBE /* SelfigramTests */,
				C8D4D9B41ECAD08700139FBE /* SelfigramUITests */,
				C8D4D9931ECAD08600139FBE /* Products */,
				BB204E3A82B7704D2BC8FCE8 /* Pods */,
				48887635869F9105C5CD50E0 /* Frameworks */,
			);
			sourceTree = "<group>";
		};
		C8D4D9931ECAD08600139FBE /* Products */ = {
			isa = PBXGroup;
			children = (
				C8D4D9921ECAD08600139FBE /* Selfigram.app */,
				C8D4D9A61ECAD08700139FBE /* SelfigramTests.xctest */,
				C8D4D9B11ECAD08700139FBE /* SelfigramUITests.xctest */,
			);
			name = Products;
			sourceTree = "<group>";
		};
		C8D4D9941ECAD08600139FBE /* Selfigram */ = {
			isa = PBXGroup;
			children = (
				C8D4D9951ECAD08600139FBE /* AppDelegate.swift */,
				C8D4D9971ECAD08600139FBE /* ViewController.swift */,
				C8334C2A1ED3E6E600802D20 /* User.swift */,
				C8334C2C1ED3E87E00802D20 /* Post.swift */,
				C814ECB81EDCEE7C00464737 /* FeedViewController.swift */,
				C814ECBA1EDEA8AA00464737 /* SelfieCell.swift */,
				C8D4D9991ECAD08700139FBE /* Main.storyboard */,
				C81C21B71EF8A1DA006A9B36 /* ActivityViewController.swift */,
				C81C21B91EF8A20A006A9B36 /* ActivityCell.swift */,
				C81C21B41EF114F7006A9B36 /* Activity.swift */,
				C81DD57D1ED3D250002FF2DB /* ProfileViewController.swift */,
				C8D4D99C1ECAD08700139FBE /* Assets.xcassets */,
				C8D4D99E1ECAD08700139FBE /* LaunchScreen.storyboard */,
				C8D4D9A11ECAD08700139FBE /* Info.plist */,
			);
			path = Selfigram;
			sourceTree = "<group>";
		};
		C8D4D9A91ECAD08700139FBE /* SelfigramTests */ = {
			isa = PBXGroup;
			children = (
				C8D4D9AA1ECAD08700139FBE /* SelfigramTests.swift */,
				C8D4D9AC1ECAD08700139FBE /* Info.plist */,
			);
			path = SelfigramTests;
			sourceTree = "<group>";
		};
		C8D4D9B41ECAD08700139FBE /* SelfigramUITests */ = {
			isa = PBXGroup;
			children = (
				C8D4D9B51ECAD08700139FBE /* SelfigramUITests.swift */,
				C8D4D9B71ECAD08700139FBE /* Info.plist */,
			);
			path = SelfigramUITests;
			sourceTree = "<group>";
		};
/* End PBXGroup section */

/* Begin PBXNativeTarget section */
		C8D4D9911ECAD08600139FBE /* Selfigram */ = {
			isa = PBXNativeTarget;
			buildConfigurationList = C8D4D9BA1ECAD08700139FBE /* Build configuration list for PBXNativeTarget "Selfigram" */;
			buildPhases = (
				001E27F587AE981099F07AAD /* [CP] Check Pods Manifest.lock */,
				C8D4D98E1ECAD08600139FBE /* Sources */,
				C8D4D98F1ECAD08600139FBE /* Frameworks */,
				C8D4D9901ECAD08600139FBE /* Resources */,
				DCA079E3DB62E7AB801D6048 /* [CP] Embed Pods Frameworks */,
				ABB9F8079BF6EC141560AE43 /* [CP] Copy Pods Resources */,
			);
			buildRules = (
			);
			dependencies = (
			);
			name = Selfigram;
			productName = Selfigram;
			productReference = C8D4D9921ECAD08600139FBE /* Selfigram.app */;
			productType = "com.apple.product-type.application";
		};
		C8D4D9A51ECAD08700139FBE /* SelfigramTests */ = {
			isa = PBXNativeTarget;
			buildConfigurationList = C8D4D9BD1ECAD08700139FBE /* Build configuration list for PBXNativeTarget "SelfigramTests" */;
			buildPhases = (
				9F11018D3917F2B8FCB3DF15 /* [CP] Check Pods Manifest.lock */,
				C8D4D9A21ECAD08700139FBE /* Sources */,
				C8D4D9A31ECAD08700139FBE /* Frameworks */,
				C8D4D9A41ECAD08700139FBE /* Resources */,
				AC278E8552E471B606BE9997 /* [CP] Embed Pods Frameworks */,
				BF14EF71123BA7D1165B5685 /* [CP] Copy Pods Resources */,
			);
			buildRules = (
			);
			dependencies = (
				C8D4D9A81ECAD08700139FBE /* PBXTargetDependency */,
			);
			name = SelfigramTests;
			productName = SelfigramTests;
			productReference = C8D4D9A61ECAD08700139FBE /* SelfigramTests.xctest */;
			productType = "com.apple.product-type.bundle.unit-test";
		};
		C8D4D9B01ECAD08700139FBE /* SelfigramUITests */ = {
			isa = PBXNativeTarget;
			buildConfigurationList = C8D4D9C01ECAD08700139FBE /* Build configuration list for PBXNativeTarget "SelfigramUITests" */;
			buildPhases = (
				D7FBC45FDD2AFD7B662642AD /* [CP] Check Pods Manifest.lock */,
				C8D4D9AD1ECAD08700139FBE /* Sources */,
				C8D4D9AE1ECAD08700139FBE /* Frameworks */,
				C8D4D9AF1ECAD08700139FBE /* Resources */,
				B15EADB2DF9FEA3FD7CD5549 /* [CP] Embed Pods Frameworks */,
				630A0925B745EA70D4D54F5D /* [CP] Copy Pods Resources */,
			);
			buildRules = (
			);
			dependencies = (
				C8D4D9B31ECAD08700139FBE /* PBXTargetDependency */,
			);
			name = SelfigramUITests;
			productName = SelfigramUITests;
			productReference = C8D4D9B11ECAD08700139FBE /* SelfigramUITests.xctest */;
			productType = "com.apple.product-type.bundle.ui-testing";
		};
/* End PBXNativeTarget section */

/* Begin PBXProject section */
		C8D4D98A1ECAD08600139FBE /* Project object */ = {
			isa = PBXProject;
			attributes = {
				LastSwiftUpdateCheck = 0830;
				LastUpgradeCheck = 0830;
				ORGANIZATIONNAME = Existentializm;
				TargetAttributes = {
					C8D4D9911ECAD08600139FBE = {
						CreatedOnToolsVersion = 8.3.2;
						ProvisioningStyle = Automatic;
					};
					C8D4D9A51ECAD08700139FBE = {
						CreatedOnToolsVersion = 8.3.2;
						ProvisioningStyle = Automatic;
						TestTargetID = C8D4D9911ECAD08600139FBE;
					};
					C8D4D9B01ECAD08700139FBE = {
						CreatedOnToolsVersion = 8.3.2;
						ProvisioningStyle = Automatic;
						TestTargetID = C8D4D9911ECAD08600139FBE;
					};
				};
			};
			buildConfigurationList = C8D4D98D1ECAD08600139FBE /* Build configuration list for PBXProject "Selfigram" */;
			compatibilityVersion = "Xcode 3.2";
			developmentRegion = English;
			hasScannedForEncodings = 0;
			knownRegions = (
				en,
				Base,
			);
			mainGroup = C8D4D9891ECAD08600139FBE;
			productRefGroup = C8D4D9931ECAD08600139FBE /* Products */;
			projectDirPath = "";
			projectRoot = "";
			targets = (
				C8D4D9911ECAD08600139FBE /* Selfigram */,
				C8D4D9A51ECAD08700139FBE /* SelfigramTests */,
				C8D4D9B01ECAD08700139FBE /* SelfigramUITests */,
			);
		};
/* End PBXProject section */

/* Begin PBXResourcesBuildPhase section */
		C8D4D9901ECAD08600139FBE /* Resources */ = {
			isa = PBXResourcesBuildPhase;
			buildActionMask = 2147483647;
			files = (
				C8D4D9A01ECAD08700139FBE /* LaunchScreen.storyboard in Resources */,
				C8D4D99D1ECAD08700139FBE /* Assets.xcassets in Resources */,
				C8D4D99B1ECAD08700139FBE /* Main.storyboard in Resources */,
			);
			runOnlyForDeploymentPostprocessing = 0;
		};
		C8D4D9A41ECAD08700139FBE /* Resources */ = {
			isa = PBXResourcesBuildPhase;
			buildActionMask = 2147483647;
			files = (
			);
			runOnlyForDeploymentPostprocessing = 0;
		};
		C8D4D9AF1ECAD08700139FBE /* Resources */ = {
			isa = PBXResourcesBuildPhase;
			buildActionMask = 2147483647;
			files = (
			);
			runOnlyForDeploymentPostprocessing = 0;
		};
/* End PBXResourcesBuildPhase section */

/* Begin PBXShellScriptBuildPhase section */
		001E27F587AE981099F07AAD /* [CP] Check Pods Manifest.lock */ = {
			isa = PBXShellScriptBuildPhase;
			buildActionMask = 2147483647;
			files = (
			);
			inputPaths = (
			);
			name = "[CP] Check Pods Manifest.lock";
			outputPaths = (
			);
			runOnlyForDeploymentPostprocessing = 0;
			shellPath = /bin/sh;
			shellScript = "diff \"${PODS_PODFILE_DIR_PATH}/Podfile.lock\" \"${PODS_ROOT}/Manifest.lock\" > /dev/null\nif [ $? != 0 ] ; then\n    # print error to STDERR\n    echo \"error: The sandbox is not in sync with the Podfile.lock. Run 'pod install' or update your CocoaPods installation.\" >&2\n    exit 1\nfi\n";
			showEnvVarsInLog = 0;
		};
		630A0925B745EA70D4D54F5D /* [CP] Copy Pods Resources */ = {
			isa = PBXShellScriptBuildPhase;
			buildActionMask = 2147483647;
			files = (
			);
			inputPaths = (
			);
			name = "[CP] Copy Pods Resources";
			outputPaths = (
			);
			runOnlyForDeploymentPostprocessing = 0;
			shellPath = /bin/sh;
			shellScript = "\"${SRCROOT}/Pods/Target Support Files/Pods-SelfigramUITests/Pods-SelfigramUITests-resources.sh\"\n";
			showEnvVarsInLog = 0;
		};
		9F11018D3917F2B8FCB3DF15 /* [CP] Check Pods Manifest.lock */ = {
			isa = PBXShellScriptBuildPhase;
			buildActionMask = 2147483647;
			files = (
			);
			inputPaths = (
			);
			name = "[CP] Check Pods Manifest.lock";
			outputPaths = (
			);
			runOnlyForDeploymentPostprocessing = 0;
			shellPath = /bin/sh;
			shellScript = "diff \"${PODS_PODFILE_DIR_PATH}/Podfile.lock\" \"${PODS_ROOT}/Manifest.lock\" > /dev/null\nif [ $? != 0 ] ; then\n    # print error to STDERR\n    echo \"error: The sandbox is not in sync with the Podfile.lock. Run 'pod install' or update your CocoaPods installation.\" >&2\n    exit 1\nfi\n";
			showEnvVarsInLog = 0;
		};
		ABB9F8079BF6EC141560AE43 /* [CP] Copy Pods Resources */ = {
			isa = PBXShellScriptBuildPhase;
			buildActionMask = 2147483647;
			files = (
			);
			inputPaths = (
			);
			name = "[CP] Copy Pods Resources";
			outputPaths = (
			);
			runOnlyForDeploymentPostprocessing = 0;
			shellPath = /bin/sh;
			shellScript = "\"${SRCROOT}/Pods/Target Support Files/Pods-Selfigram/Pods-Selfigram-resources.sh\"\n";
			showEnvVarsInLog = 0;
		};
		AC278E8552E471B606BE9997 /* [CP] Embed Pods Frameworks */ = {
			isa = PBXShellScriptBuildPhase;
			buildActionMask = 2147483647;
			files = (
			);
			inputPaths = (
			);
			name = "[CP] Embed Pods Frameworks";
			outputPaths = (
			);
			runOnlyForDeploymentPostprocessing = 0;
			shellPath = /bin/sh;
			shellScript = "\"${SRCROOT}/Pods/Target Support Files/Pods-SelfigramTests/Pods-SelfigramTests-frameworks.sh\"\n";
			showEnvVarsInLog = 0;
		};
		B15EADB2DF9FEA3FD7CD5549 /* [CP] Embed Pods Frameworks */ = {
			isa = PBXShellScriptBuildPhase;
			buildActionMask = 2147483647;
			files = (
			);
			inputPaths = (
			);
			name = "[CP] Embed Pods Frameworks";
			outputPaths = (
			);
			runOnlyForDeploymentPostprocessing = 0;
			shellPath = /bin/sh;
			shellScript = "\"${SRCROOT}/Pods/Target Support Files/Pods-SelfigramUITests/Pods-SelfigramUITests-frameworks.sh\"\n";
			showEnvVarsInLog = 0;
		};
		BF14EF71123BA7D1165B5685 /* [CP] Copy Pods Resources */ = {
			isa = PBXShellScriptBuildPhase;
			buildActionMask = 2147483647;
			files = (
			);
			inputPaths = (
			);
			name = "[CP] Copy Pods Resources";
			outputPaths = (
			);
			runOnlyForDeploymentPostprocessing = 0;
			shellPath = /bin/sh;
			shellScript = "\"${SRCROOT}/Pods/Target Support Files/Pods-SelfigramTests/Pods-SelfigramTests-resources.sh\"\n";
			showEnvVarsInLog = 0;
		};
		D7FBC45FDD2AFD7B662642AD /* [CP] Check Pods Manifest.lock */ = {
			isa = PBXShellScriptBuildPhase;
			buildActionMask = 2147483647;
			files = (
			);
			inputPaths = (
			);
			name = "[CP] Check Pods Manifest.lock";
			outputPaths = (
			);
			runOnlyForDeploymentPostprocessing = 0;
			shellPath = /bin/sh;
			shellScript = "diff \"${PODS_PODFILE_DIR_PATH}/Podfile.lock\" \"${PODS_ROOT}/Manifest.lock\" > /dev/null\nif [ $? != 0 ] ; then\n    # print error to STDERR\n    echo \"error: The sandbox is not in sync with the Podfile.lock. Run 'pod install' or update your CocoaPods installation.\" >&2\n    exit 1\nfi\n";
			showEnvVarsInLog = 0;
		};
		DCA079E3DB62E7AB801D6048 /* [CP] Embed Pods Frameworks */ = {
			isa = PBXShellScriptBuildPhase;
			buildActionMask = 2147483647;
			files = (
			);
			inputPaths = (
			);
			name = "[CP] Embed Pods Frameworks";
			outputPaths = (
			);
			runOnlyForDeploymentPostprocessing = 0;
			shellPath = /bin/sh;
			shellScript = "\"${SRCROOT}/Pods/Target Support Files/Pods-Selfigram/Pods-Selfigram-frameworks.sh\"\n";
			showEnvVarsInLog = 0;
		};
/* End PBXShellScriptBuildPhase section */

/* Begin PBXSourcesBuildPhase section */
		C8D4D98E1ECAD08600139FBE /* Sources */ = {
			isa = PBXSourcesBuildPhase;
			buildActionMask = 2147483647;
			files = (
				C8334C2B1ED3E6E600802D20 /* User.swift in Sources */,
				C814ECB91EDCEE7C00464737 /* FeedViewController.swift in Sources */,
				C81C21BA1EF8A20A006A9B36 /* ActivityCell.swift in Sources */,
				C81DD57E1ED3D250002FF2DB /* ProfileViewController.swift in Sources */,
				C81C21B61EF22F74006A9B36 /* SelfieCell.swift in Sources */,
				C81C21B81EF8A1DA006A9B36 /* ActivityViewController.swift in Sources */,
				C8D4D9981ECAD08600139FBE /* ViewController.swift in Sources */,
				C8D4D9961ECAD08600139FBE /* AppDelegate.swift in Sources */,
				C81C21B51EF114F7006A9B36 /* Activity.swift in Sources */,
				C8334C2D1ED3E87E00802D20 /* Post.swift in Sources */,
			);
			runOnlyForDeploymentPostprocessing = 0;
		};
		C8D4D9A21ECAD08700139FBE /* Sources */ = {
			isa = PBXSourcesBuildPhase;
			buildActionMask = 2147483647;
			files = (
				C8D4D9AB1ECAD08700139FBE /* SelfigramTests.swift in Sources */,
			);
			runOnlyForDeploymentPostprocessing = 0;
		};
		C8D4D9AD1ECAD08700139FBE /* Sources */ = {
			isa = PBXSourcesBuildPhase;
			buildActionMask = 2147483647;
			files = (
				C8D4D9B61ECAD08700139FBE /* SelfigramUITests.swift in Sources */,
			);
			runOnlyForDeploymentPostprocessing = 0;
		};
/* End PBXSourcesBuildPhase section */

/* Begin PBXTargetDependency section */
		C8D4D9A81ECAD08700139FBE /* PBXTargetDependency */ = {
			isa = PBXTargetDependency;
			target = C8D4D9911ECAD08600139FBE /* Selfigram */;
			targetProxy = C8D4D9A71ECAD08700139FBE /* PBXContainerItemProxy */;
		};
		C8D4D9B31ECAD08700139FBE /* PBXTargetDependency */ = {
			isa = PBXTargetDependency;
			target = C8D4D9911ECAD08600139FBE /* Selfigram */;
			targetProxy = C8D4D9B21ECAD08700139FBE /* PBXContainerItemProxy */;
		};
/* End PBXTargetDependency section */

/* Begin PBXVariantGroup section */
		C8D4D9991ECAD08700139FBE /* Main.storyboard */ = {
			isa = PBXVariantGroup;
			children = (
				C8D4D99A1ECAD08700139FBE /* Base */,
			);
			name = Main.storyboard;
			sourceTree = "<group>";
		};
		C8D4D99E1ECAD08700139FBE /* LaunchScreen.storyboard */ = {
			isa = PBXVariantGroup;
			children = (
				C8D4D99F1ECAD08700139FBE /* Base */,
			);
			name = LaunchScreen.storyboard;
			sourceTree = "<group>";
		};
/* End PBXVariantGroup section */

/* Begin XCBuildConfiguration section */
		C8D4D9B81ECAD08700139FBE /* Debug */ = {
			isa = XCBuildConfiguration;
			buildSettings = {
				ALWAYS_SEARCH_USER_PATHS = NO;
				CLANG_ANALYZER_NONNULL = YES;
				CLANG_ANALYZER_NUMBER_OBJECT_CONVERSION = YES_AGGRESSIVE;
				CLANG_CXX_LANGUAGE_STANDARD = "gnu++0x";
				CLANG_CXX_LIBRARY = "libc++";
				CLANG_ENABLE_MODULES = YES;
				CLANG_ENABLE_OBJC_ARC = YES;
				CLANG_WARN_BOOL_CONVERSION = YES;
				CLANG_WARN_CONSTANT_CONVERSION = YES;
				CLANG_WARN_DIRECT_OBJC_ISA_USAGE = YES_ERROR;
				CLANG_WARN_DOCUMENTATION_COMMENTS = YES;
				CLANG_WARN_EMPTY_BODY = YES;
				CLANG_WARN_ENUM_CONVERSION = YES;
				CLANG_WARN_INFINITE_RECURSION = YES;
				CLANG_WARN_INT_CONVERSION = YES;
				CLANG_WARN_OBJC_ROOT_CLASS = YES_ERROR;
				CLANG_WARN_SUSPICIOUS_MOVE = YES;
				CLANG_WARN_UNREACHABLE_CODE = YES;
				CLANG_WARN__DUPLICATE_METHOD_MATCH = YES;
				"CODE_SIGN_IDENTITY[sdk=iphoneos*]" = "iPhone Developer";
				COPY_PHASE_STRIP = NO;
				DEBUG_INFORMATION_FORMAT = dwarf;
				ENABLE_STRICT_OBJC_MSGSEND = YES;
				ENABLE_TESTABILITY = YES;
				GCC_C_LANGUAGE_STANDARD = gnu99;
				GCC_DYNAMIC_NO_PIC = NO;
				GCC_NO_COMMON_BLOCKS = YES;
				GCC_OPTIMIZATION_LEVEL = 0;
				GCC_PREPROCESSOR_DEFINITIONS = (
					"DEBUG=1",
					"$(inherited)",
				);
				GCC_WARN_64_TO_32_BIT_CONVERSION = YES;
				GCC_WARN_ABOUT_RETURN_TYPE = YES_ERROR;
				GCC_WARN_UNDECLARED_SELECTOR = YES;
				GCC_WARN_UNINITIALIZED_AUTOS = YES_AGGRESSIVE;
				GCC_WARN_UNUSED_FUNCTION = YES;
				GCC_WARN_UNUSED_VARIABLE = YES;
				IPHONEOS_DEPLOYMENT_TARGET = 10.3;
				MTL_ENABLE_DEBUG_INFO = YES;
				ONLY_ACTIVE_ARCH = YES;
				SDKROOT = iphoneos;
				SWIFT_ACTIVE_COMPILATION_CONDITIONS = DEBUG;
				SWIFT_OPTIMIZATION_LEVEL = "-Onone";
			};
			name = Debug;
		};
		C8D4D9B91ECAD08700139FBE /* Release */ = {
			isa = XCBuildConfiguration;
			buildSettings = {
				ALWAYS_SEARCH_USER_PATHS = NO;
				CLANG_ANALYZER_NONNULL = YES;
				CLANG_ANALYZER_NUMBER_OBJECT_CONVERSION = YES_AGGRESSIVE;
				CLANG_CXX_LANGUAGE_STANDARD = "gnu++0x";
				CLANG_CXX_LIBRARY = "libc++";
				CLANG_ENABLE_MODULES = YES;
				CLANG_ENABLE_OBJC_ARC = YES;
				CLANG_WARN_BOOL_CONVERSION = YES;
				CLANG_WARN_CONSTANT_CONVERSION = YES;
				CLANG_WARN_DIRECT_OBJC_ISA_USAGE = YES_ERROR;
				CLANG_WARN_DOCUMENTATION_COMMENTS = YES;
				CLANG_WARN_EMPTY_BODY = YES;
				CLANG_WARN_ENUM_CONVERSION = YES;
				CLANG_WARN_INFINITE_RECURSION = YES;
				CLANG_WARN_INT_CONVERSION = YES;
				CLANG_WARN_OBJC_ROOT_CLASS = YES_ERROR;
				CLANG_WARN_SUSPICIOUS_MOVE = YES;
				CLANG_WARN_UNREACHABLE_CODE = YES;
				CLANG_WARN__DUPLICATE_METHOD_MATCH = YES;
				"CODE_SIGN_IDENTITY[sdk=iphoneos*]" = "iPhone Developer";
				COPY_PHASE_STRIP = NO;
				DEBUG_INFORMATION_FORMAT = "dwarf-with-dsym";
				ENABLE_NS_ASSERTIONS = NO;
				ENABLE_STRICT_OBJC_MSGSEND = YES;
				GCC_C_LANGUAGE_STANDARD = gnu99;
				GCC_NO_COMMON_BLOCKS = YES;
				GCC_WARN_64_TO_32_BIT_CONVERSION = YES;
				GCC_WARN_ABOUT_RETURN_TYPE = YES_ERROR;
				GCC_WARN_UNDECLARED_SELECTOR = YES;
				GCC_WARN_UNINITIALIZED_AUTOS = YES_AGGRESSIVE;
				GCC_WARN_UNUSED_FUNCTION = YES;
				GCC_WARN_UNUSED_VARIABLE = YES;
				IPHONEOS_DEPLOYMENT_TARGET = 10.3;
				MTL_ENABLE_DEBUG_INFO = NO;
				SDKROOT = iphoneos;
				SWIFT_OPTIMIZATION_LEVEL = "-Owholemodule";
				VALIDATE_PRODUCT = YES;
			};
			name = Release;
		};
		C8D4D9BB1ECAD08700139FBE /* Debug */ = {
			isa = XCBuildConfiguration;
			baseConfigurationReference = 3F71058E61649F16D3F982AF /* Pods-Selfigram.debug.xcconfig */;
			buildSettings = {
				ASSETCATALOG_COMPILER_APPICON_NAME = AppIcon;
				INFOPLIST_FILE = Selfigram/Info.plist;
				LD_RUNPATH_SEARCH_PATHS = "$(inherited) @executable_path/Frameworks";
				PRODUCT_BUNDLE_IDENTIFIER = "Lighthouse-Labs.Selfigram";
				PRODUCT_NAME = "$(TARGET_NAME)";
				SWIFT_VERSION = 3.0;
			};
			name = Debug;
		};
		C8D4D9BC1ECAD08700139FBE /* Release */ = {
			isa = XCBuildConfiguration;
			baseConfigurationReference = EA3674FE67CFEB9F4AD3E871 /* Pods-Selfigram.release.xcconfig */;
			buildSettings = {
				ASSETCATALOG_COMPILER_APPICON_NAME = AppIcon;
				INFOPLIST_FILE = Selfigram/Info.plist;
				LD_RUNPATH_SEARCH_PATHS = "$(inherited) @executable_path/Frameworks";
				PRODUCT_BUNDLE_IDENTIFIER = "Lighthouse-Labs.Selfigram";
				PRODUCT_NAME = "$(TARGET_NAME)";
				SWIFT_VERSION = 3.0;
			};
			name = Release;
		};
		C8D4D9BE1ECAD08700139FBE /* Debug */ = {
			isa = XCBuildConfiguration;
			baseConfigurationReference = 26A9CE8F213AB1CFDB8D650D /* Pods-SelfigramTests.debug.xcconfig */;
			buildSettings = {
				ALWAYS_EMBED_SWIFT_STANDARD_LIBRARIES = YES;
				BUNDLE_LOADER = "$(TEST_HOST)";
				INFOPLIST_FILE = SelfigramTests/Info.plist;
				LD_RUNPATH_SEARCH_PATHS = "$(inherited) @executable_path/Frameworks @loader_path/Frameworks";
				PRODUCT_BUNDLE_IDENTIFIER = "Lighthouse-Labs.SelfigramTests";
				PRODUCT_NAME = "$(TARGET_NAME)";
				SWIFT_VERSION = 3.0;
				TEST_HOST = "$(BUILT_PRODUCTS_DIR)/Selfigram.app/Selfigram";
			};
			name = Debug;
		};
		C8D4D9BF1ECAD08700139FBE /* Release */ = {
			isa = XCBuildConfiguration;
			baseConfigurationReference = 7E344DA08B123863B71DE1E6 /* Pods-SelfigramTests.release.xcconfig */;
			buildSettings = {
				ALWAYS_EMBED_SWIFT_STANDARD_LIBRARIES = YES;
				BUNDLE_LOADER = "$(TEST_HOST)";
				INFOPLIST_FILE = SelfigramTests/Info.plist;
				LD_RUNPATH_SEARCH_PATHS = "$(inherited) @executable_path/Frameworks @loader_path/Frameworks";
				PRODUCT_BUNDLE_IDENTIFIER = "Lighthouse-Labs.SelfigramTests";
				PRODUCT_NAME = "$(TARGET_NAME)";
				SWIFT_VERSION = 3.0;
				TEST_HOST = "$(BUILT_PRODUCTS_DIR)/Selfigram.app/Selfigram";
			};
			name = Release;
		};
		C8D4D9C11ECAD08700139FBE /* Debug */ = {
			isa = XCBuildConfiguration;
			baseConfigurationReference = B3A273C6B91DB1FDD8D3D10C /* Pods-SelfigramUITests.debug.xcconfig */;
			buildSettings = {
				ALWAYS_EMBED_SWIFT_STANDARD_LIBRARIES = YES;
				INFOPLIST_FILE = SelfigramUITests/Info.plist;
				LD_RUNPATH_SEARCH_PATHS = "$(inherited) @executable_path/Frameworks @loader_path/Frameworks";
				PRODUCT_BUNDLE_IDENTIFIER = "Lighthouse-Labs.SelfigramUITests";
				PRODUCT_NAME = "$(TARGET_NAME)";
				SWIFT_VERSION = 3.0;
				TEST_TARGET_NAME = Selfigram;
			};
			name = Debug;
		};
		C8D4D9C21ECAD08700139FBE /* Release */ = {
			isa = XCBuildConfiguration;
			baseConfigurationReference = 2F6F16338872F6D840765F86 /* Pods-SelfigramUITests.release.xcconfig */;
			buildSettings = {
				ALWAYS_EMBED_SWIFT_STANDARD_LIBRARIES = YES;
				INFOPLIST_FILE = SelfigramUITests/Info.plist;
				LD_RUNPATH_SEARCH_PATHS = "$(inherited) @executable_path/Frameworks @loader_path/Frameworks";
				PRODUCT_BUNDLE_IDENTIFIER = "Lighthouse-Labs.SelfigramUITests";
				PRODUCT_NAME = "$(TARGET_NAME)";
				SWIFT_VERSION = 3.0;
				TEST_TARGET_NAME = Selfigram;
			};
			name = Release;
		};
/* End XCBuildConfiguration section */

/* Begin XCConfigurationList section */
		C8D4D98D1ECAD08600139FBE /* Build configuration list for PBXProject "Selfigram" */ = {
			isa = XCConfigurationList;
			buildConfigurations = (
				C8D4D9B81ECAD08700139FBE /* Debug */,
				C8D4D9B91ECAD08700139FBE /* Release */,
			);
			defaultConfigurationIsVisible = 0;
			defaultConfigurationName = Release;
		};
		C8D4D9BA1ECAD08700139FBE /* Build configuration list for PBXNativeTarget "Selfigram" */ = {
			isa = XCConfigurationList;
			buildConfigurations = (
				C8D4D9BB1ECAD08700139FBE /* Debug */,
				C8D4D9BC1ECAD08700139FBE /* Release */,
			);
			defaultConfigurationIsVisible = 0;
			defaultConfigurationName = Release;
		};
		C8D4D9BD1ECAD08700139FBE /* Build configuration list for PBXNativeTarget "SelfigramTests" */ = {
			isa = XCConfigurationList;
			buildConfigurations = (
				C8D4D9BE1ECAD08700139FBE /* Debug */,
				C8D4D9BF1ECAD08700139FBE /* Release */,
			);
			defaultConfigurationIsVisible = 0;
			defaultConfigurationName = Release;
		};
		C8D4D9C01ECAD08700139FBE /* Build configuration list for PBXNativeTarget "SelfigramUITests" */ = {
			isa = XCConfigurationList;
			buildConfigurations = (
				C8D4D9C11ECAD08700139FBE /* Debug */,
				C8D4D9C21ECAD08700139FBE /* Release */,
			);
			defaultConfigurationIsVisible = 0;
			defaultConfigurationName = Release;
		};
/* End XCConfigurationList section */
	};
	rootObject = C8D4D98A1ECAD08600139FBE /* Project object */;
}
